
Microsoft Visual Studio Solution File, Format Version 12.00
# Visual Studio 2017
Project("{FAE04EC0-301F-11D3-BF4B-00C04F79EFBC}") = "SolarSystem_v106", "SolarSystem_v106.csproj", "{882CDCCA-8662-AEB1-B2BB-EEE8545D5FE5}"
EndProject
Project("{FAE04EC0-301F-11D3-BF4B-00C04F79EFBC}") = "SolarSystem_v106.Editor", "SolarSystem_v106.Editor.csproj", "{FD9D2BFB-ACA1-2E62-0011-2BEEE4676811}"
EndProject
Global
	GlobalSection(SolutionConfigurationPlatforms) = preSolution
		Debug|Any CPU = Debug|Any CPU
		Release|Any CPU = Release|Any CPU
	EndGlobalSection
	GlobalSection(ProjectConfigurationPlatforms) = postSolution
		{882CDCCA-8662-AEB1-B2BB-EEE8545D5FE5}.Debug|Any CPU.ActiveCfg = Debug|Any CPU
		{882CDCCA-8662-AEB1-B2BB-EEE8545D5FE5}.Debug|Any CPU.Build.0 = Debug|Any CPU
		{882CDCCA-8662-AEB1-B2BB-EEE8545D5FE5}.Release|Any CPU.ActiveCfg = Release|Any CPU
		{882CDCCA-8662-AEB1-B2BB-EEE8545D5FE5}.Release|Any CPU.Build.0 = Release|Any CPU
		{FD9D2BFB-ACA1-2E62-0011-2BEEE4676811}.Debug|Any CPU.ActiveCfg = Debug|Any CPU
		{FD9D2BFB-ACA1-2E62-0011-2BEEE4676811}.Debug|Any CPU.Build.0 = Debug|Any CPU
		{FD9D2BFB-ACA1-2E62-0011-2BEEE4676811}.Release|Any CPU.ActiveCfg = Release|Any CPU
		{FD9D2BFB-ACA1-2E62-0011-2BEEE4676811}.Release|Any CPU.Build.0 = Release|Any CPU
	EndGlobalSection
	GlobalSection(SolutionProperties) = preSolution
		HideSolutionNode = FALSE
	EndGlobalSection
EndGlobal
